
Microsoft Visual Studio Solution File, Format Version 12.00
# Visual Studio Version 17
VisualStudioVersion = 17.12.35527.113
MinimumVisualStudioVersion = 10.0.40219.1
Project("{D954291E-2A0B-460D-934E-DC6B0785DB48}") = "Pong", "Pong\Pong.shproj", "{A0CDBD0E-3A41-42B7-9425-A838BC2C7383}"
EndProject
Project("{FAE04EC0-301F-11D3-BF4B-00C04F79EFBC}") = "Windows", "Platforms\Windows\Windows.csproj", "{85B548B0-47B9-420B-B97D-1D0A629539DC}"
EndProject
Project("{FAE04EC0-301F-11D3-BF4B-00C04F79EFBC}") = "Android", "Platforms\Android\Android.csproj", "{7938B35F-8A4B-45A9-97C1-086310F55C16}"
EndProject
Global
	GlobalSection(SolutionConfigurationPlatforms) = preSolution
		Debug|Any CPU = Debug|Any CPU
		Release|Any CPU = Release|Any CPU
	EndGlobalSection
	GlobalSection(ProjectConfigurationPlatforms) = postSolution
		{85B548B0-47B9-420B-B97D-1D0A629539DC}.Debug|Any CPU.ActiveCfg = Debug|Any CPU
		{85B548B0-47B9-420B-B97D-1D0A629539DC}.Debug|Any CPU.Build.0 = Debug|Any CPU
		{85B548B0-47B9-420B-B97D-1D0A629539DC}.Release|Any CPU.ActiveCfg = Release|Any CPU
		{85B548B0-47B9-420B-B97D-1D0A629539DC}.Release|Any CPU.Build.0 = Release|Any CPU
		{7938B35F-8A4B-45A9-97C1-086310F55C16}.Debug|Any CPU.ActiveCfg = Debug|Any CPU
		{7938B35F-8A4B-45A9-97C1-086310F55C16}.Debug|Any CPU.Build.0 = Debug|Any CPU
		{7938B35F-8A4B-45A9-97C1-086310F55C16}.Debug|Any CPU.Deploy.0 = Debug|Any CPU
		{7938B35F-8A4B-45A9-97C1-086310F55C16}.Release|Any CPU.ActiveCfg = Release|Any CPU
		{7938B35F-8A4B-45A9-97C1-086310F55C16}.Release|Any CPU.Build.0 = Release|Any CPU
		{7938B35F-8A4B-45A9-97C1-086310F55C16}.Release|Any CPU.Deploy.0 = Release|Any CPU
	EndGlobalSection
	GlobalSection(SolutionProperties) = preSolution
		HideSolutionNode = FALSE
	EndGlobalSection
	GlobalSection(SharedMSBuildProjectFiles) = preSolution
		Pong\Pong.projitems*{7938b35f-8a4b-45a9-97c1-086310f55c16}*SharedItemsImports = 5
		Pong\Pong.projitems*{85b548b0-47b9-420b-b97d-1d0a629539dc}*SharedItemsImports = 5
		Pong\Pong.projitems*{a0cdbd0e-3a41-42b7-9425-a838bc2c7383}*SharedItemsImports = 13
	EndGlobalSection
EndGlobal
